
Microsoft Visual Studio Solution File, Format Version 12.00
# Visual Studio 15
VisualStudioVersion = 15.0.26730.16
MinimumVisualStudioVersion = 10.0.40219.1
Project("{FAE04EC0-301F-11D3-BF4B-00C04F79EFBC}") = "DDAC", "DDAC\DDAC.csproj", "{3DC11C7C-5AB3-4D40-B995-49269E8191C4}"
EndProject
Global
	GlobalSection(SolutionConfigurationPlatforms) = preSolution
		Debug|Any CPU = Debug|Any CPU
		Release|Any CPU = Release|Any CPU
	EndGlobalSection
	GlobalSection(ProjectConfigurationPlatforms) = postSolution
		{3DC11C7C-5AB3-4D40-B995-49269E8191C4}.Debug|Any CPU.ActiveCfg = Debug|Any CPU
		{3DC11C7C-5AB3-4D40-B995-49269E8191C4}.Debug|Any CPU.Build.0 = Debug|Any CPU
		{3DC11C7C-5AB3-4D40-B995-49269E8191C4}.Release|Any CPU.ActiveCfg = Release|Any CPU
		{3DC11C7C-5AB3-4D40-B995-49269E8191C4}.Release|Any CPU.Build.0 = Release|Any CPU
	EndGlobalSection
	GlobalSection(SolutionProperties) = preSolution
		HideSolutionNode = FALSE
	EndGlobalSection
	GlobalSection(ExtensibilityGlobals) = postSolution
		SolutionGuid = {6BEB2FC7-EA0A-443E-84FF-67028A5FD02C}
	EndGlobalSection
EndGlobal
